// !$*UTF8*$!
{
	archiveVersion = 1;
	classes = {
	};
	objectVersion = 46;
	objects = {

/* Begin PBXBuildFile section */
		795F0B7E1F2255F700FB95D9 /* AppDelegate.swift in Sources */ = {isa = PBXBuildFile; fileRef = 795F0B7D1F2255F700FB95D9 /* AppDelegate.swift */; };
		795F0B831F2255F700FB95D9 /* Main.storyboard in Resources */ = {isa = PBXBuildFile; fileRef = 795F0B811F2255F700FB95D9 /* Main.storyboard */; };
		795F0B851F2255F700FB95D9 /* Assets.xcassets in Resources */ = {isa = PBXBuildFile; fileRef = 795F0B841F2255F700FB95D9 /* Assets.xcassets */; };
		795F0B881F2255F700FB95D9 /* LaunchScreen.storyboard in Resources */ = {isa = PBXBuildFile; fileRef = 795F0B861F2255F700FB95D9 /* LaunchScreen.storyboard */; };
		795F0B921F2256AA00FB95D9 /* CardDetailsViewController.swift in Sources */ = {isa = PBXBuildFile; fileRef = 795F0B8F1F2256AA00FB95D9 /* CardDetailsViewController.swift */; };
		795F0B931F2256AA00FB95D9 /* CompleteViewController.swift in Sources */ = {isa = PBXBuildFile; fileRef = 795F0B901F2256AA00FB95D9 /* CompleteViewController.swift */; };
		795F0B941F2256AA00FB95D9 /* RecognizerViewController.swift in Sources */ = {isa = PBXBuildFile; fileRef = 795F0B911F2256AA00FB95D9 /* RecognizerViewController.swift */; };
		795F0B971F2256C200FB95D9 /* PayCardsRecognizer.framework in Frameworks */ = {isa = PBXBuildFile; fileRef = 795F0B951F2256BC00FB95D9 /* PayCardsRecognizer.framework */; };
		795F0B981F2256C200FB95D9 /* PayCardsRecognizer.framework in Embed Frameworks */ = {isa = PBXBuildFile; fileRef = 795F0B951F2256BC00FB95D9 /* PayCardsRecognizer.framework */; settings = {ATTRIBUTES = (CodeSignOnCopy, RemoveHeadersOnCopy, ); }; };
/* End PBXBuildFile section */

/* Begin PBXCopyFilesBuildPhase section */
		795F0B991F2256C200FB95D9 /* Embed Frameworks */ = {
			isa = PBXCopyFilesBuildPhase;
			buildActionMask = 2147483647;
			dstPath = "";
			dstSubfolderSpec = 10;
			files = (
				795F0B981F2256C200FB95D9 /* PayCardsRecognizer.framework in Embed Frameworks */,
			);
			name = "Embed Frameworks";
			runOnlyForDeploymentPostprocessing = 0;
		};
/* End PBXCopyFilesBuildPhase section */

/* Begin PBXFileReference section */
		795F0B7A1F2255F700FB95D9 /* PayCardsRecognizerExample.app */ = {isa = PBXFileReference; explicitFileType = wrapper.application; includeInIndex = 0; path = PayCardsRecognizerExample.app; sourceTree = BUILT_PRODUCTS_DIR; };
		795F0B7D1F2255F700FB95D9 /* AppDelegate.swift */ = {isa = PBXFileReference; lastKnownFileType = sourcecode.swift; path = AppDelegate.swift; sourceTree = "<group>"; };
		795F0B821F2255F700FB95D9 /* Base */ = {isa = PBXFileReference; lastKnownFileType = file.storyboard; name = Base; path = Base.lproj/Main.storyboard; sourceTree = "<group>"; };
		795F0B841F2255F700FB95D9 /* Assets.xcassets */ = {isa = PBXFileReference; lastKnownFileType = folder.assetcatalog; path = Assets.xcassets; sourceTree = "<group>"; };
		795F0B871F2255F700FB95D9 /* Base */ = {isa = PBXFileReference; lastKnownFileType = file.storyboard; name = Base; path = Base.lproj/LaunchScreen.storyboard; sourceTree = "<group>"; };
		795F0B891F2255F700FB95D9 /* Info.plist */ = {isa = PBXFileReference; lastKnownFileType = text.plist.xml; path = Info.plist; sourceTree = "<group>"; };
		795F0B8F1F2256AA00FB95D9 /* CardDetailsViewController.swift */ = {isa = PBXFileReference; fileEncoding = 4; lastKnownFileType = sourcecode.swift; path = CardDetailsViewController.swift; sourceTree = "<group>"; };
		795F0B901F2256AA00FB95D9 /* CompleteViewController.swift */ = {isa = PBXFileReference; fileEncoding = 4; lastKnownFileType = sourcecode.swift; path = CompleteViewController.swift; sourceTree = "<group>"; };
		795F0B911F2256AA00FB95D9 /* RecognizerViewController.swift */ = {isa = PBXFileReference; fileEncoding = 4; lastKnownFileType = sourcecode.swift; path = RecognizerViewController.swift; sourceTree = "<group>"; };
		795F0B951F2256BC00FB95D9 /* PayCardsRecognizer.framework */ = {isa = PBXFileReference; lastKnownFileType = wrapper.framework; name = PayCardsRecognizer.framework; path = Source/PayCardsRecognizer.framework; sourceTree = "<group>"; };
/* End PBXFileReference section */

/* Begin PBXFrameworksBuildPhase section */
		795F0B771F2255F700FB95D9 /* Frameworks */ = {
			isa = PBXFrameworksBuildPhase;
			buildActionMask = 2147483647;
			files = (
				795F0B971F2256C200FB95D9 /* PayCardsRecognizer.framework in Frameworks */,
			);
			runOnlyForDeploymentPostprocessing = 0;
		};
/* End PBXFrameworksBuildPhase section */

/* Begin PBXGroup section */
		795F0B711F2255F700FB95D9 = {
			isa = PBXGroup;
			children = (
				795F0B7C1F2255F700FB95D9 /* PayCardsRecognizerExample */,
				795F0B7B1F2255F700FB95D9 /* Products */,
				795F0B951F2256BC00FB95D9 /* PayCardsRecognizer.framework */,
			);
			sourceTree = "<group>";
		};
		795F0B7B1F2255F700FB95D9 /* Products */ = {
			isa = PBXGroup;
			children = (
				795F0B7A1F2255F700FB95D9 /* PayCardsRecognizerExample.app */,
			);
			name = Products;
			sourceTree = "<group>";
		};
		795F0B7C1F2255F700FB95D9 /* PayCardsRecognizerExample */ = {
			isa = PBXGroup;
			children = (
				795F0B7D1F2255F700FB95D9 /* AppDelegate.swift */,
				795F0B8F1F2256AA00FB95D9 /* CardDetailsViewController.swift */,
				795F0B901F2256AA00FB95D9 /* CompleteViewController.swift */,
				795F0B911F2256AA00FB95D9 /* RecognizerViewController.swift */,
				795F0B811F2255F700FB95D9 /* Main.storyboard */,
				795F0B841F2255F700FB95D9 /* Assets.xcassets */,
				795F0B861F2255F700FB95D9 /* LaunchScreen.storyboard */,
				795F0B891F2255F700FB95D9 /* Info.plist */,
			);
			path = PayCardsRecognizerExample;
			sourceTree = "<group>";
		};
/* End PBXGroup section */

/* Begin PBXNativeTarget section */
		795F0B791F2255F700FB95D9 /* PayCardsRecognizerExample */ = {
			isa = PBXNativeTarget;
			buildConfigurationList = 795F0B8C1F2255F700FB95D9 /* Build configuration list for PBXNativeTarget "PayCardsRecognizerExample" */;
			buildPhases = (
				795F0B761F2255F700FB95D9 /* Sources */,
				795F0B771F2255F700FB95D9 /* Frameworks */,
				795F0B781F2255F700FB95D9 /* Resources */,
				795F0B991F2256C200FB95D9 /* Embed Frameworks */,
			);
			buildRules = (
			);
			dependencies = (
			);
			name = PayCardsRecognizerExample;
			productName = PayCardsRecognizerExample;
			productReference = 795F0B7A1F2255F700FB95D9 /* PayCardsRecognizerExample.app */;
			productType = "com.apple.product-type.application";
		};
/* End PBXNativeTarget section */

/* Begin PBXProject section */
		795F0B721F2255F700FB95D9 /* Project object */ = {
			isa = PBXProject;
			attributes = {
				LastSwiftUpdateCheck = 0830;
				LastUpgradeCheck = 0830;
				ORGANIZATIONNAME = "Vitaliy Kuzmenko";
				TargetAttributes = {
					795F0B791F2255F700FB95D9 = {
						CreatedOnToolsVersion = 8.3.3;
						DevelopmentTeam = P8A8G8XXL8;
						ProvisioningStyle = Automatic;
					};
				};
			};
			buildConfigurationList = 795F0B751F2255F700FB95D9 /* Build configuration list for PBXProject "PayCardsRecognizerExample" */;
			compatibilityVersion = "Xcode 3.2";
			developmentRegion = English;
			hasScannedForEncodings = 0;
			knownRegions = (
				en,
				Base,
			);
			mainGroup = 795F0B711F2255F700FB95D9;
			productRefGroup = 795F0B7B1F2255F700FB95D9 /* Products */;
			projectDirPath = "";
			projectRoot = "";
			targets = (
				795F0B791F2255F700FB95D9 /* PayCardsRecognizerExample */,
			);
		};
/* End PBXProject section */

/* Begin PBXResourcesBuildPhase section */
		795F0B781F2255F700FB95D9 /* Resources */ = {
			isa = PBXResourcesBuildPhase;
			buildActionMask = 2147483647;
			files = (
				795F0B881F2255F700FB95D9 /* LaunchScreen.storyboard in Resources */,
				795F0B851F2255F700FB95D9 /* Assets.xcassets in Resources */,
				795F0B831F2255F700FB95D9 /* Main.storyboard in Resources */,
			);
			runOnlyForDeploymentPostprocessing = 0;
		};
/* End PBXResourcesBuildPhase section */

/* Begin PBXSourcesBuildPhase section */
		795F0B761F2255F700FB95D9 /* Sources */ = {
			isa = PBXSourcesBuildPhase;
			buildActionMask = 2147483647;
			files = (
				795F0B941F2256AA00FB95D9 /* RecognizerViewController.swift in Sources */,
				795F0B7E1F2255F700FB95D9 /* AppDelegate.swift in Sources */,
				795F0B921F2256AA00FB95D9 /* CardDetailsViewController.swift in Sources */,
				795F0B931F2256AA00FB95D9 /* CompleteViewController.swift in Sources */,
			);
			runOnlyForDeploymentPostprocessing = 0;
		};
/* End PBXSourcesBuildPhase section */

/* Begin PBXVariantGroup section */
		795F0B811F2255F700FB95D9 /* Main.storyboard */ = {
			isa = PBXVariantGroup;
			children = (
				795F0B821F2255F700FB95D9 /* Base */,
			);
			name = Main.storyboard;
			sourceTree = "<group>";
		};
		795F0B861F2255F700FB95D9 /* LaunchScreen.storyboard */ = {
			isa = PBXVariantGroup;
			children = (
				795F0B871F2255F700FB95D9 /* Base */,
			);
			name = LaunchScreen.storyboard;
			sourceTree = "<group>";
		};
/* End PBXVariantGroup section */

/* Begin XCBuildConfiguration section */
		795F0B8A1F2255F700FB95D9 /* Debug */ = {
			isa = XCBuildConfiguration;
			buildSettings = {
				ALWAYS_SEARCH_USER_PATHS = NO;
				CLANG_ANALYZER_NONNULL = YES;
				CLANG_ANALYZER_NUMBER_OBJECT_CONVERSION = YES_AGGRESSIVE;
				CLANG_CXX_LANGUAGE_STANDARD = "gnu++0x";
				CLANG_CXX_LIBRARY = "libc++";
				CLANG_ENABLE_MODULES = YES;
				CLANG_ENABLE_OBJC_ARC = YES;
				CLANG_WARN_BOOL_CONVERSION = YES;
				CLANG_WARN_CONSTANT_CONVERSION = YES;
				CLANG_WARN_DIRECT_OBJC_ISA_USAGE = YES_ERROR;
				CLANG_WARN_DOCUMENTATION_COMMENTS = YES;
				CLANG_WARN_EMPTY_BODY = YES;
				CLANG_WARN_ENUM_CONVERSION = YES;
				CLANG_WARN_INFINITE_RECURSION = YES;
				CLANG_WARN_INT_CONVERSION = YES;
				CLANG_WARN_OBJC_ROOT_CLASS = YES_ERROR;
				CLANG_WARN_SUSPICIOUS_MOVE = YES;
				CLANG_WARN_UNREACHABLE_CODE = YES;
				CLANG_WARN__DUPLICATE_METHOD_MATCH = YES;
				"CODE_SIGN_IDENTITY[sdk=iphoneos*]" = "iPhone Developer";
				COPY_PHASE_STRIP = NO;
				DEBUG_INFORMATION_FORMAT = dwarf;
				ENABLE_STRICT_OBJC_MSGSEND = YES;
				ENABLE_TESTABILITY = YES;
				GCC_C_LANGUAGE_STANDARD = gnu99;
				GCC_DYNAMIC_NO_PIC = NO;
				GCC_NO_COMMON_BLOCKS = YES;
				GCC_OPTIMIZATION_LEVEL = 0;
				GCC_PREPROCESSOR_DEFINITIONS = (
					"DEBUG=1",
					"$(inherited)",
				);
				GCC_WARN_64_TO_32_BIT_CONVERSION = YES;
				GCC_WARN_ABOUT_RETURN_TYPE = YES_ERROR;
				GCC_WARN_UNDECLARED_SELECTOR = YES;
				GCC_WARN_UNINITIALIZED_AUTOS = YES_AGGRESSIVE;
				GCC_WARN_UNUSED_FUNCTION = YES;
				GCC_WARN_UNUSED_VARIABLE = YES;
				IPHONEOS_DEPLOYMENT_TARGET = 10.3;
				MTL_ENABLE_DEBUG_INFO = YES;
				ONLY_ACTIVE_ARCH = YES;
				SDKROOT = iphoneos;
				SWIFT_ACTIVE_COMPILATION_CONDITIONS = DEBUG;
				SWIFT_OPTIMIZATION_LEVEL = "-Onone";
				TARGETED_DEVICE_FAMILY = "1,2";
			};
			name = Debug;
		};
		795F0B8B1F2255F700FB95D9 /* Release */ = {
			isa = XCBuildConfiguration;
			buildSettings = {
				ALWAYS_SEARCH_USER_PATHS = NO;
				CLANG_ANALYZER_NONNULL = YES;
				CLANG_ANALYZER_NUMBER_OBJECT_CONVERSION = YES_AGGRESSIVE;
				CLANG_CXX_LANGUAGE_STANDARD = "gnu++0x";
				CLANG_CXX_LIBRARY = "libc++";
				CLANG_ENABLE_MODULES = YES;
				CLANG_ENABLE_OBJC_ARC = YES;
				CLANG_WARN_BOOL_CONVERSION = YES;
				CLANG_WARN_CONSTANT_CONVERSION = YES;
				CLANG_WARN_DIRECT_OBJC_ISA_USAGE = YES_ERROR;
				CLANG_WARN_DOCUMENTATION_COMMENTS = YES;
				CLANG_WARN_EMPTY_BODY = YES;
				CLANG_WARN_ENUM_CONVERSION = YES;
				CLANG_WARN_INFINITE_RECURSION = YES;
				CLANG_WARN_INT_CONVERSION = YES;
				CLANG_WARN_OBJC_ROOT_CLASS = YES_ERROR;
				CLANG_WARN_SUSPICIOUS_MOVE = YES;
				CLANG_WARN_UNREACHABLE_CODE = YES;
				CLANG_WARN__DUPLICATE_METHOD_MATCH = YES;
				"CODE_SIGN_IDENTITY[sdk=iphoneos*]" = "iPhone Developer";
				COPY_PHASE_STRIP = NO;
				DEBUG_INFORMATION_FORMAT = "dwarf-with-dsym";
				ENABLE_NS_ASSERTIONS = NO;
				ENABLE_STRICT_OBJC_MSGSEND = YES;
				GCC_C_LANGUAGE_STANDARD = gnu99;
				GCC_NO_COMMON_BLOCKS = YES;
				GCC_WARN_64_TO_32_BIT_CONVERSION = YES;
				GCC_WARN_ABOUT_RETURN_TYPE = YES_ERROR;
				GCC_WARN_UNDECLARED_SELECTOR = YES;
				GCC_WARN_UNINITIALIZED_AUTOS = YES_AGGRESSIVE;
				GCC_WARN_UNUSED_FUNCTION = YES;
				GCC_WARN_UNUSED_VARIABLE = YES;
				IPHONEOS_DEPLOYMENT_TARGET = 10.3;
				MTL_ENABLE_DEBUG_INFO = NO;
				SDKROOT = iphoneos;
				SWIFT_OPTIMIZATION_LEVEL = "-Owholemodule";
				TARGETED_DEVICE_FAMILY = "1,2";
				VALIDATE_PRODUCT = YES;
			};
			name = Release;
		};
		795F0B8D1F2255F700FB95D9 /* Debug */ = {
			isa = XCBuildConfiguration;
			buildSettings = {
				ASSETCATALOG_COMPILER_APPICON_NAME = AppIcon;
				DEVELOPMENT_TEAM = P8A8G8XXL8;
				FRAMEWORK_SEARCH_PATHS = (
					"$(inherited)",
					"$(PROJECT_DIR)/Source",
				);
				INFOPLIST_FILE = PayCardsRecognizerExample/Info.plist;
				IPHONEOS_DEPLOYMENT_TARGET = 8.0;
				LD_RUNPATH_SEARCH_PATHS = "$(inherited) @executable_path/Frameworks";
				PRODUCT_BUNDLE_IDENTIFIER = com.azoft.demo.crn;
				PRODUCT_NAME = "$(TARGET_NAME)";
				SWIFT_VERSION = 3.0;
			};
			name = Debug;
		};
		795F0B8E1F2255F700FB95D9 /* Release */ = {
			isa = XCBuildConfiguration;
			buildSettings = {
				ASSETCATALOG_COMPILER_APPICON_NAME = AppIcon;
				DEVELOPMENT_TEAM = P8A8G8XXL8;
				FRAMEWORK_SEARCH_PATHS = (
					"$(inherited)",
					"$(PROJECT_DIR)/Source",
				);
				INFOPLIST_FILE = PayCardsRecognizerExample/Info.plist;
				IPHONEOS_DEPLOYMENT_TARGET = 8.0;
				LD_RUNPATH_SEARCH_PATHS = "$(inherited) @executable_path/Frameworks";
				PRODUCT_BUNDLE_IDENTIFIER = com.azoft.demo.crn;
				PRODUCT_NAME = "$(TARGET_NAME)";
				SWIFT_VERSION = 3.0;
			};
			name = Release;
		};
/* End XCBuildConfiguration section */

/* Begin XCConfigurationList section */
		795F0B751F2255F700FB95D9 /* Build configuration list for PBXProject "PayCardsRecognizerExample" */ = {
			isa = XCConfigurationList;
			buildConfigurations = (
				795F0B8A1F2255F700FB95D9 /* Debug */,
				795F0B8B1F2255F700FB95D9 /* Release */,
			);
			defaultConfigurationIsVisible = 0;
			defaultConfigurationName = Release;
		};
		795F0B8C1F2255F700FB95D9 /* Build configuration list for PBXNativeTarget "PayCardsRecognizerExample" */ = {
			isa = XCConfigurationList;
			buildConfigurations = (
				795F0B8D1F2255F700FB95D9 /* Debug */,
				795F0B8E1F2255F700FB95D9 /* Release */,
			);
			defaultConfigurationIsVisible = 0;
			defaultConfigurationName = Release;
		};
/* End XCConfigurationList section */
	};
	rootObject = 795F0B721F2255F700FB95D9 /* Project object */;
}
